
Microsoft Visual Studio Solution File, Format Version 12.00
# Visual Studio Version 16
VisualStudioVersion = 16.0.31105.61
MinimumVisualStudioVersion = 10.0.40219.1
Project("{FAE04EC0-301F-11D3-BF4B-00C04F79EFBC}") = "core", "core\core.csproj", "{CAEF1B1B-3A69-4B74-A59A-F3B67C768755}"
EndProject
Project("{FAE04EC0-301F-11D3-BF4B-00C04F79EFBC}") = "infrastructure", "infrastructure\infrastructure.csproj", "{AAE9B183-FD8C-445F-9F40-15A3ADFCE8AC}"
EndProject
Project("{FAE04EC0-301F-11D3-BF4B-00C04F79EFBC}") = "ConsoleApp", "ConsoleApp\ConsoleApp.csproj", "{D3C45049-6F4D-49F8-9CC2-C8867A5BC8CE}"
EndProject
Global
	GlobalSection(SolutionConfigurationPlatforms) = preSolution
		Debug|Any CPU = Debug|Any CPU
		Release|Any CPU = Release|Any CPU
	EndGlobalSection
	GlobalSection(ProjectConfigurationPlatforms) = postSolution
		{CAEF1B1B-3A69-4B74-A59A-F3B67C768755}.Debug|Any CPU.ActiveCfg = Debug|Any CPU
		{CAEF1B1B-3A69-4B74-A59A-F3B67C768755}.Debug|Any CPU.Build.0 = Debug|Any CPU
		{CAEF1B1B-3A69-4B74-A59A-F3B67C768755}.Release|Any CPU.ActiveCfg = Release|Any CPU
		{CAEF1B1B-3A69-4B74-A59A-F3B67C768755}.Release|Any CPU.Build.0 = Release|Any CPU
		{AAE9B183-FD8C-445F-9F40-15A3ADFCE8AC}.Debug|Any CPU.ActiveCfg = Debug|Any CPU
		{AAE9B183-FD8C-445F-9F40-15A3ADFCE8AC}.Debug|Any CPU.Build.0 = Debug|Any CPU
		{AAE9B183-FD8C-445F-9F40-15A3ADFCE8AC}.Release|Any CPU.ActiveCfg = Release|Any CPU
		{AAE9B183-FD8C-445F-9F40-15A3ADFCE8AC}.Release|Any CPU.Build.0 = Release|Any CPU
		{D3C45049-6F4D-49F8-9CC2-C8867A5BC8CE}.Debug|Any CPU.ActiveCfg = Debug|Any CPU
		{D3C45049-6F4D-49F8-9CC2-C8867A5BC8CE}.Debug|Any CPU.Build.0 = Debug|Any CPU
		{D3C45049-6F4D-49F8-9CC2-C8867A5BC8CE}.Release|Any CPU.ActiveCfg = Release|Any CPU
		{D3C45049-6F4D-49F8-9CC2-C8867A5BC8CE}.Release|Any CPU.Build.0 = Release|Any CPU
	EndGlobalSection
	GlobalSection(SolutionProperties) = preSolution
		HideSolutionNode = FALSE
	EndGlobalSection
	GlobalSection(ExtensibilityGlobals) = postSolution
		SolutionGuid = {17516194-B490-4C1E-8DA7-F2D50AA437B9}
	EndGlobalSection
EndGlobal
