
Microsoft Visual Studio Solution File, Format Version 12.00
# Visual Studio Version 16
VisualStudioVersion = 16.0.31105.61
MinimumVisualStudioVersion = 10.0.40219.1
Project("{9A19103F-16F7-4668-BE54-9A1E7A4F7556}") = "ConsoleApp1", "ConsoleApp1\ConsoleApp1.csproj", "{36FDFF70-D5C3-4671-B5A2-484470A92C95}"
EndProject
Project("{FAE04EC0-301F-11D3-BF4B-00C04F79EFBC}") = "ClassLibrary1", "ClassLibrary1\ClassLibrary1.csproj", "{2EA0C620-2B65-4EF8-852E-606465646A37}"
EndProject
Global
	GlobalSection(SolutionConfigurationPlatforms) = preSolution
		Debug|Any CPU = Debug|Any CPU
		Release|Any CPU = Release|Any CPU
	EndGlobalSection
	GlobalSection(ProjectConfigurationPlatforms) = postSolution
		{36FDFF70-D5C3-4671-B5A2-484470A92C95}.Debug|Any CPU.ActiveCfg = Debug|Any CPU
		{36FDFF70-D5C3-4671-B5A2-484470A92C95}.Debug|Any CPU.Build.0 = Debug|Any CPU
		{36FDFF70-D5C3-4671-B5A2-484470A92C95}.Release|Any CPU.ActiveCfg = Release|Any CPU
		{36FDFF70-D5C3-4671-B5A2-484470A92C95}.Release|Any CPU.Build.0 = Release|Any CPU
		{2EA0C620-2B65-4EF8-852E-606465646A37}.Debug|Any CPU.ActiveCfg = Debug|Any CPU
		{2EA0C620-2B65-4EF8-852E-606465646A37}.Debug|Any CPU.Build.0 = Debug|Any CPU
		{2EA0C620-2B65-4EF8-852E-606465646A37}.Release|Any CPU.ActiveCfg = Release|Any CPU
		{2EA0C620-2B65-4EF8-852E-606465646A37}.Release|Any CPU.Build.0 = Release|Any CPU
	EndGlobalSection
	GlobalSection(SolutionProperties) = preSolution
		HideSolutionNode = FALSE
	EndGlobalSection
	GlobalSection(ExtensibilityGlobals) = postSolution
		SolutionGuid = {DE372F5B-0AB6-451E-8A7E-4D9795B6743C}
	EndGlobalSection
EndGlobal
