
Microsoft Visual Studio Solution File, Format Version 12.00
# Visual Studio Version 16
VisualStudioVersion = 16.0.31105.61
MinimumVisualStudioVersion = 10.0.40219.1
Project("{FAE04EC0-301F-11D3-BF4B-00C04F79EFBC}") = "PRODUCTCATALOG", "PRODUCTCATALOG\PRODUCTCATALOG.csproj", "{1116AFEC-5F7D-47BF-BEA1-A6B912A3195D}"
EndProject
Global
	GlobalSection(SolutionConfigurationPlatforms) = preSolution
		Debug|Any CPU = Debug|Any CPU
		Release|Any CPU = Release|Any CPU
	EndGlobalSection
	GlobalSection(ProjectConfigurationPlatforms) = postSolution
		{1116AFEC-5F7D-47BF-BEA1-A6B912A3195D}.Debug|Any CPU.ActiveCfg = Debug|Any CPU
		{1116AFEC-5F7D-47BF-BEA1-A6B912A3195D}.Debug|Any CPU.Build.0 = Debug|Any CPU
		{1116AFEC-5F7D-47BF-BEA1-A6B912A3195D}.Release|Any CPU.ActiveCfg = Release|Any CPU
		{1116AFEC-5F7D-47BF-BEA1-A6B912A3195D}.Release|Any CPU.Build.0 = Release|Any CPU
	EndGlobalSection
	GlobalSection(SolutionProperties) = preSolution
		HideSolutionNode = FALSE
	EndGlobalSection
	GlobalSection(ExtensibilityGlobals) = postSolution
		SolutionGuid = {7A0C4390-72BD-4457-A489-89C2DB61FB3A}
	EndGlobalSection
EndGlobal
