
Microsoft Visual Studio Solution File, Format Version 12.00
# Visual Studio Version 16
VisualStudioVersion = 16.0.31112.23
MinimumVisualStudioVersion = 10.0.40219.1
Project("{FAE04EC0-301F-11D3-BF4B-00C04F79EFBC}") = "generics", "generics\generics.csproj", "{8988B88D-E6C8-4D26-A168-840157C77C2F}"
EndProject
Global
	GlobalSection(SolutionConfigurationPlatforms) = preSolution
		Debug|Any CPU = Debug|Any CPU
		Release|Any CPU = Release|Any CPU
	EndGlobalSection
	GlobalSection(ProjectConfigurationPlatforms) = postSolution
		{8988B88D-E6C8-4D26-A168-840157C77C2F}.Debug|Any CPU.ActiveCfg = Debug|Any CPU
		{8988B88D-E6C8-4D26-A168-840157C77C2F}.Debug|Any CPU.Build.0 = Debug|Any CPU
		{8988B88D-E6C8-4D26-A168-840157C77C2F}.Release|Any CPU.ActiveCfg = Release|Any CPU
		{8988B88D-E6C8-4D26-A168-840157C77C2F}.Release|Any CPU.Build.0 = Release|Any CPU
	EndGlobalSection
	GlobalSection(SolutionProperties) = preSolution
		HideSolutionNode = FALSE
	EndGlobalSection
	GlobalSection(ExtensibilityGlobals) = postSolution
		SolutionGuid = {3551689E-DFF0-4F10-A7A9-04E0D4E6EB61}
	EndGlobalSection
EndGlobal
